
Microsoft Visual Studio Solution File, Format Version 12.00
# Visual Studio Version 17
VisualStudioVersion = 17.6.33815.320
MinimumVisualStudioVersion = 10.0.40219.1
Project("{2150E333-8FDC-42A3-9474-1A3956D46DE8}") = "src", "src", "{A3AA8385-AE6B-44F0-8CB3-45B110106495}"
EndProject
Project("{2150E333-8FDC-42A3-9474-1A3956D46DE8}") = "test", "test", "{EDBBB31F-B46A-49FE-AA06-7A3D5DAFB40C}"
EndProject
Project("{9A19103F-16F7-4668-BE54-9A1E7A4F7556}") = "Drones.Test", "test\Drones.Test\Drones.Test.csproj", "{2703FB75-FC5C-4BAA-BB04-E9C40E8FCB6E}"
EndProject
Project("{9A19103F-16F7-4668-BE54-9A1E7A4F7556}") = "Drones.WebAPI", "src\Drones.WebAPI\Drones.WebAPI.csproj", "{16757EFB-9930-46C3-8397-5D4D05219942}"
EndProject
Project("{9A19103F-16F7-4668-BE54-9A1E7A4F7556}") = "Drones.Application", "src\Drones.Application\Drones.Application.csproj", "{A95E057F-6E69-47D2-B5AF-A8518AFBCC3A}"
EndProject
Project("{9A19103F-16F7-4668-BE54-9A1E7A4F7556}") = "Drones.Domain", "src\Drones.Domain\Drones.Domain.csproj", "{D34CA204-571A-4A85-9A9A-1AC555DC0A8E}"
EndProject
Project("{9A19103F-16F7-4668-BE54-9A1E7A4F7556}") = "Drones.Infrastructure", "src\Drones.Infrastructure\Drones.Infrastructure.csproj", "{38C60BE2-D854-4CF6-97CA-77DE7A938837}"
EndProject
Project("{9A19103F-16F7-4668-BE54-9A1E7A4F7556}") = "Drones.Utilities", "src\Drones.Utilities\Drones.Utilities.csproj", "{81C0BE4D-E7CE-4A68-9704-9651930B42C1}"
EndProject
Global
	GlobalSection(SolutionConfigurationPlatforms) = preSolution
		Debug|Any CPU = Debug|Any CPU
		Release|Any CPU = Release|Any CPU
	EndGlobalSection
	GlobalSection(ProjectConfigurationPlatforms) = postSolution
		{2703FB75-FC5C-4BAA-BB04-E9C40E8FCB6E}.Debug|Any CPU.ActiveCfg = Debug|Any CPU
		{2703FB75-FC5C-4BAA-BB04-E9C40E8FCB6E}.Debug|Any CPU.Build.0 = Debug|Any CPU
		{2703FB75-FC5C-4BAA-BB04-E9C40E8FCB6E}.Release|Any CPU.ActiveCfg = Release|Any CPU
		{2703FB75-FC5C-4BAA-BB04-E9C40E8FCB6E}.Release|Any CPU.Build.0 = Release|Any CPU
		{16757EFB-9930-46C3-8397-5D4D05219942}.Debug|Any CPU.ActiveCfg = Debug|Any CPU
		{16757EFB-9930-46C3-8397-5D4D05219942}.Debug|Any CPU.Build.0 = Debug|Any CPU
		{16757EFB-9930-46C3-8397-5D4D05219942}.Release|Any CPU.ActiveCfg = Release|Any CPU
		{16757EFB-9930-46C3-8397-5D4D05219942}.Release|Any CPU.Build.0 = Release|Any CPU
		{A95E057F-6E69-47D2-B5AF-A8518AFBCC3A}.Debug|Any CPU.ActiveCfg = Debug|Any CPU
		{A95E057F-6E69-47D2-B5AF-A8518AFBCC3A}.Debug|Any CPU.Build.0 = Debug|Any CPU
		{A95E057F-6E69-47D2-B5AF-A8518AFBCC3A}.Release|Any CPU.ActiveCfg = Release|Any CPU
		{A95E057F-6E69-47D2-B5AF-A8518AFBCC3A}.Release|Any CPU.Build.0 = Release|Any CPU
		{D34CA204-571A-4A85-9A9A-1AC555DC0A8E}.Debug|Any CPU.ActiveCfg = Debug|Any CPU
		{D34CA204-571A-4A85-9A9A-1AC555DC0A8E}.Debug|Any CPU.Build.0 = Debug|Any CPU
		{D34CA204-571A-4A85-9A9A-1AC555DC0A8E}.Release|Any CPU.ActiveCfg = Release|Any CPU
		{D34CA204-571A-4A85-9A9A-1AC555DC0A8E}.Release|Any CPU.Build.0 = Release|Any CPU
		{38C60BE2-D854-4CF6-97CA-77DE7A938837}.Debug|Any CPU.ActiveCfg = Debug|Any CPU
		{38C60BE2-D854-4CF6-97CA-77DE7A938837}.Debug|Any CPU.Build.0 = Debug|Any CPU
		{38C60BE2-D854-4CF6-97CA-77DE7A938837}.Release|Any CPU.ActiveCfg = Release|Any CPU
		{38C60BE2-D854-4CF6-97CA-77DE7A938837}.Release|Any CPU.Build.0 = Release|Any CPU
		{81C0BE4D-E7CE-4A68-9704-9651930B42C1}.Debug|Any CPU.ActiveCfg = Debug|Any CPU
		{81C0BE4D-E7CE-4A68-9704-9651930B42C1}.Debug|Any CPU.Build.0 = Debug|Any CPU
		{81C0BE4D-E7CE-4A68-9704-9651930B42C1}.Release|Any CPU.ActiveCfg = Release|Any CPU
		{81C0BE4D-E7CE-4A68-9704-9651930B42C1}.Release|Any CPU.Build.0 = Release|Any CPU
	EndGlobalSection
	GlobalSection(SolutionProperties) = preSolution
		HideSolutionNode = FALSE
	EndGlobalSection
	GlobalSection(NestedProjects) = preSolution
		{2703FB75-FC5C-4BAA-BB04-E9C40E8FCB6E} = {EDBBB31F-B46A-49FE-AA06-7A3D5DAFB40C}
		{16757EFB-9930-46C3-8397-5D4D05219942} = {A3AA8385-AE6B-44F0-8CB3-45B110106495}
		{A95E057F-6E69-47D2-B5AF-A8518AFBCC3A} = {A3AA8385-AE6B-44F0-8CB3-45B110106495}
		{D34CA204-571A-4A85-9A9A-1AC555DC0A8E} = {A3AA8385-AE6B-44F0-8CB3-45B110106495}
		{38C60BE2-D854-4CF6-97CA-77DE7A938837} = {A3AA8385-AE6B-44F0-8CB3-45B110106495}
		{81C0BE4D-E7CE-4A68-9704-9651930B42C1} = {A3AA8385-AE6B-44F0-8CB3-45B110106495}
	EndGlobalSection
	GlobalSection(ExtensibilityGlobals) = postSolution
		SolutionGuid = {62C84924-915E-47CE-A941-7EB704F1E9F8}
	EndGlobalSection
EndGlobal
