
Microsoft Visual Studio Solution File, Format Version 12.00
# Visual Studio Version 17
VisualStudioVersion = 17.6.33815.320
MinimumVisualStudioVersion = 10.0.40219.1
Project("{2150E333-8FDC-42A3-9474-1A3956D46DE8}") = "src", "src", "{A3AA8385-AE6B-44F0-8CB3-45B110106495}"
EndProject
Project("{2150E333-8FDC-42A3-9474-1A3956D46DE8}") = "test", "test", "{EDBBB31F-B46A-49FE-AA06-7A3D5DAFB40C}"
EndProject
Project("{FAE04EC0-301F-11D3-BF4B-00C04F79EFBC}") = "a.Drones.WebAPI", "src\a.Drones.WebAPI\a.Drones.WebAPI.csproj", "{5F8A3CE6-804F-4C8C-94E8-F55415B87D66}"
EndProject
Project("{FAE04EC0-301F-11D3-BF4B-00C04F79EFBC}") = "b.Drones.Application", "src\b.Drones.Application\b.Drones.Application.csproj", "{F4784DF9-4BC2-488E-8248-2C1182B49381}"
EndProject
Project("{FAE04EC0-301F-11D3-BF4B-00C04F79EFBC}") = "c.Drones.Domain", "src\c.Drones.Domain\c.Drones.Domain.csproj", "{4DFAD2CB-9DD0-47B6-8AEF-5C1A61EE3D34}"
EndProject
Project("{FAE04EC0-301F-11D3-BF4B-00C04F79EFBC}") = "e.Drones.Utilities", "src\e.Drones.Utilities\e.Drones.Utilities.csproj", "{B61AC87F-07A5-4E32-9843-492C3736584A}"
EndProject
Project("{9A19103F-16F7-4668-BE54-9A1E7A4F7556}") = "d.Drones.Infrastructure", "src\d.Drones.Infrastructure\d.Drones.Infrastructure.csproj", "{F4F336B0-43DA-4CF9-B855-B88BB9DE507F}"
EndProject
Project("{9A19103F-16F7-4668-BE54-9A1E7A4F7556}") = "Drones.Test", "test\Drones.Test\Drones.Test.csproj", "{2703FB75-FC5C-4BAA-BB04-E9C40E8FCB6E}"
EndProject
Global
	GlobalSection(SolutionConfigurationPlatforms) = preSolution
		Debug|Any CPU = Debug|Any CPU
		Release|Any CPU = Release|Any CPU
	EndGlobalSection
	GlobalSection(ProjectConfigurationPlatforms) = postSolution
		{5F8A3CE6-804F-4C8C-94E8-F55415B87D66}.Debug|Any CPU.ActiveCfg = Debug|Any CPU
		{5F8A3CE6-804F-4C8C-94E8-F55415B87D66}.Debug|Any CPU.Build.0 = Debug|Any CPU
		{5F8A3CE6-804F-4C8C-94E8-F55415B87D66}.Release|Any CPU.ActiveCfg = Release|Any CPU
		{5F8A3CE6-804F-4C8C-94E8-F55415B87D66}.Release|Any CPU.Build.0 = Release|Any CPU
		{F4784DF9-4BC2-488E-8248-2C1182B49381}.Debug|Any CPU.ActiveCfg = Debug|Any CPU
		{F4784DF9-4BC2-488E-8248-2C1182B49381}.Debug|Any CPU.Build.0 = Debug|Any CPU
		{F4784DF9-4BC2-488E-8248-2C1182B49381}.Release|Any CPU.ActiveCfg = Release|Any CPU
		{F4784DF9-4BC2-488E-8248-2C1182B49381}.Release|Any CPU.Build.0 = Release|Any CPU
		{4DFAD2CB-9DD0-47B6-8AEF-5C1A61EE3D34}.Debug|Any CPU.ActiveCfg = Debug|Any CPU
		{4DFAD2CB-9DD0-47B6-8AEF-5C1A61EE3D34}.Debug|Any CPU.Build.0 = Debug|Any CPU
		{4DFAD2CB-9DD0-47B6-8AEF-5C1A61EE3D34}.Release|Any CPU.ActiveCfg = Release|Any CPU
		{4DFAD2CB-9DD0-47B6-8AEF-5C1A61EE3D34}.Release|Any CPU.Build.0 = Release|Any CPU
		{B61AC87F-07A5-4E32-9843-492C3736584A}.Debug|Any CPU.ActiveCfg = Debug|Any CPU
		{B61AC87F-07A5-4E32-9843-492C3736584A}.Debug|Any CPU.Build.0 = Debug|Any CPU
		{B61AC87F-07A5-4E32-9843-492C3736584A}.Release|Any CPU.ActiveCfg = Release|Any CPU
		{B61AC87F-07A5-4E32-9843-492C3736584A}.Release|Any CPU.Build.0 = Release|Any CPU
		{F4F336B0-43DA-4CF9-B855-B88BB9DE507F}.Debug|Any CPU.ActiveCfg = Debug|Any CPU
		{F4F336B0-43DA-4CF9-B855-B88BB9DE507F}.Debug|Any CPU.Build.0 = Debug|Any CPU
		{F4F336B0-43DA-4CF9-B855-B88BB9DE507F}.Release|Any CPU.ActiveCfg = Release|Any CPU
		{F4F336B0-43DA-4CF9-B855-B88BB9DE507F}.Release|Any CPU.Build.0 = Release|Any CPU
		{2703FB75-FC5C-4BAA-BB04-E9C40E8FCB6E}.Debug|Any CPU.ActiveCfg = Debug|Any CPU
		{2703FB75-FC5C-4BAA-BB04-E9C40E8FCB6E}.Debug|Any CPU.Build.0 = Debug|Any CPU
		{2703FB75-FC5C-4BAA-BB04-E9C40E8FCB6E}.Release|Any CPU.ActiveCfg = Release|Any CPU
		{2703FB75-FC5C-4BAA-BB04-E9C40E8FCB6E}.Release|Any CPU.Build.0 = Release|Any CPU
	EndGlobalSection
	GlobalSection(SolutionProperties) = preSolution
		HideSolutionNode = FALSE
	EndGlobalSection
	GlobalSection(NestedProjects) = preSolution
		{5F8A3CE6-804F-4C8C-94E8-F55415B87D66} = {A3AA8385-AE6B-44F0-8CB3-45B110106495}
		{F4784DF9-4BC2-488E-8248-2C1182B49381} = {A3AA8385-AE6B-44F0-8CB3-45B110106495}
		{4DFAD2CB-9DD0-47B6-8AEF-5C1A61EE3D34} = {A3AA8385-AE6B-44F0-8CB3-45B110106495}
		{B61AC87F-07A5-4E32-9843-492C3736584A} = {A3AA8385-AE6B-44F0-8CB3-45B110106495}
		{F4F336B0-43DA-4CF9-B855-B88BB9DE507F} = {A3AA8385-AE6B-44F0-8CB3-45B110106495}
		{2703FB75-FC5C-4BAA-BB04-E9C40E8FCB6E} = {EDBBB31F-B46A-49FE-AA06-7A3D5DAFB40C}
	EndGlobalSection
	GlobalSection(ExtensibilityGlobals) = postSolution
		SolutionGuid = {62C84924-915E-47CE-A941-7EB704F1E9F8}
	EndGlobalSection
EndGlobal
